{
  "name": "video-compress",
  "version": "1.0.0",
  "lockfileVersion": 3,
  "requires": true,
  "packages": {
    "": {
      "name": "video-compress",
      "version": "1.0.0",
      "bin": {
        "vpress": "compress.js"
      },
      "engines": {
        "node": ">=14.0.0"
      }
    }
  }
}
